<Solution>
  <Folder Name="/Support/">
    <File Path="Install/build.ps1" />
  </Folder>
  <Project Path="WebPackageLicenseGenerator/WebPackageLicenseGenerator.csproj" />
  <Project Path="WebPackageTools.Setup/WebPackageTools.Setup.vdproj" Type="Installer">
    <BuildDependency Project="WebPackageViewer/WebPackageViewer.csproj" />
    <Build Solution="Release|*" />
  </Project>
  <Project Path="WebPackageViewer.Tests/WebPackageViewer.Tests.csproj" />
  <Project Path="WebPackageViewer/WebPackageViewer.csproj" />
</Solution>
